// !$*UTF8*$!
{
	archiveVersion = 1;
	classes = {
	};
	objectVersion = 46;
	objects = {

/* Begin PBXBuildFile section */
		F64B29CF19E1E40C00F4991F /* Foundation.framework in Frameworks */ = {isa = PBXBuildFile; fileRef = F64B29CE19E1E40C00F4991F /* Foundation.framework */; };
		F64B29D119E1E40C00F4991F /* CoreGraphics.framework in Frameworks */ = {isa = PBXBuildFile; fileRef = F64B29D019E1E40C00F4991F /* CoreGraphics.framework */; };
		F64B29D319E1E40C00F4991F /* UIKit.framework in Frameworks */ = {isa = PBXBuildFile; fileRef = F64B29D219E1E40C00F4991F /* UIKit.framework */; };
		F64B29D919E1E40C00F4991F /* InfoPlist.strings in Resources */ = {isa = PBXBuildFile; fileRef = F64B29D719E1E40C00F4991F /* InfoPlist.strings */; };
		F64B29DB19E1E40C00F4991F /* main.m in Sources */ = {isa = PBXBuildFile; fileRef = F64B29DA19E1E40C00F4991F /* main.m */; };
		F64B29DF19E1E40C00F4991F /* AMBAppDelegate.m in Sources */ = {isa = PBXBuildFile; fileRef = F64B29DE19E1E40C00F4991F /* AMBAppDelegate.m */; };
		F64B29E219E1E40C00F4991F /* Main.storyboard in Resources */ = {isa = PBXBuildFile; fileRef = F64B29E019E1E40C00F4991F /* Main.storyboard */; };
		F64B29E519E1E40C00F4991F /* AMBViewController.m in Sources */ = {isa = PBXBuildFile; fileRef = F64B29E419E1E40C00F4991F /* AMBViewController.m */; };
		F64B29E719E1E40C00F4991F /* Images.xcassets in Resources */ = {isa = PBXBuildFile; fileRef = F64B29E619E1E40C00F4991F /* Images.xcassets */; };
		F64B29EE19E1E40C00F4991F /* XCTest.framework in Frameworks */ = {isa = PBXBuildFile; fileRef = F64B29ED19E1E40C00F4991F /* XCTest.framework */; };
		F64B29EF19E1E40C00F4991F /* Foundation.framework in Frameworks */ = {isa = PBXBuildFile; fileRef = F64B29CE19E1E40C00F4991F /* Foundation.framework */; };
		F64B29F019E1E40C00F4991F /* UIKit.framework in Frameworks */ = {isa = PBXBuildFile; fileRef = F64B29D219E1E40C00F4991F /* UIKit.framework */; };
		F64B29F819E1E40C00F4991F /* InfoPlist.strings in Resources */ = {isa = PBXBuildFile; fileRef = F64B29F619E1E40C00F4991F /* InfoPlist.strings */; };
		F64B29FA19E1E40C00F4991F /* A_Maze_BallsTests.m in Sources */ = {isa = PBXBuildFile; fileRef = F64B29F919E1E40C00F4991F /* A_Maze_BallsTests.m */; };
		F64B2A0519E1E76300F4991F /* AMBView.m in Sources */ = {isa = PBXBuildFile; fileRef = F64B2A0419E1E76300F4991F /* AMBView.m */; };
/* End PBXBuildFile section */

/* Begin PBXContainerItemProxy section */
		F64B29F119E1E40C00F4991F /* PBXContainerItemProxy */ = {
			isa = PBXContainerItemProxy;
			containerPortal = F64B29C319E1E40C00F4991F /* Project object */;
			proxyType = 1;
			remoteGlobalIDString = F64B29CA19E1E40C00F4991F;
			remoteInfo = "A-Maze-Balls";
		};
/* End PBXContainerItemProxy section */

/* Begin PBXFileReference section */
		F64B29CB19E1E40C00F4991F /* A-Maze-Balls.app */ = {isa = PBXFileReference; explicitFileType = wrapper.application; includeInIndex = 0; path = "A-Maze-Balls.app"; sourceTree = BUILT_PRODUCTS_DIR; };
		F64B29CE19E1E40C00F4991F /* Foundation.framework */ = {isa = PBXFileReference; lastKnownFileType = wrapper.framework; name = Foundation.framework; path = System/Library/Frameworks/Foundation.framework; sourceTree = SDKROOT; };
		F64B29D019E1E40C00F4991F /* CoreGraphics.framework */ = {isa = PBXFileReference; lastKnownFileType = wrapper.framework; name = CoreGraphics.framework; path = System/Library/Frameworks/CoreGraphics.framework; sourceTree = SDKROOT; };
		F64B29D219E1E40C00F4991F /* UIKit.framework */ = {isa = PBXFileReference; lastKnownFileType = wrapper.framework; name = UIKit.framework; path = System/Library/Frameworks/UIKit.framework; sourceTree = SDKROOT; };
		F64B29D619E1E40C00F4991F /* A-Maze-Balls-Info.plist */ = {isa = PBXFileReference; lastKnownFileType = text.plist.xml; path = "A-Maze-Balls-Info.plist"; sourceTree = "<group>"; };
		F64B29D819E1E40C00F4991F /* en */ = {isa = PBXFileReference; lastKnownFileType = text.plist.strings; name = en; path = en.lproj/InfoPlist.strings; sourceTree = "<group>"; };
		F64B29DA19E1E40C00F4991F /* main.m */ = {isa = PBXFileReference; lastKnownFileType = sourcecode.c.objc; path = main.m; sourceTree = "<group>"; };
		F64B29DC19E1E40C00F4991F /* A-Maze-Balls-Prefix.pch */ = {isa = PBXFileReference; lastKnownFileType = sourcecode.c.h; path = "A-Maze-Balls-Prefix.pch"; sourceTree = "<group>"; };
		F64B29DD19E1E40C00F4991F /* AMBAppDelegate.h */ = {isa = PBXFileReference; lastKnownFileType = sourcecode.c.h; path = AMBAppDelegate.h; sourceTree = "<group>"; };
		F64B29DE19E1E40C00F4991F /* AMBAppDelegate.m */ = {isa = PBXFileReference; lastKnownFileType = sourcecode.c.objc; path = AMBAppDelegate.m; sourceTree = "<group>"; };
		F64B29E119E1E40C00F4991F /* Base */ = {isa = PBXFileReference; lastKnownFileType = file.storyboard; name = Base; path = Base.lproj/Main.storyboard; sourceTree = "<group>"; };
		F64B29E319E1E40C00F4991F /* AMBViewController.h */ = {isa = PBXFileReference; lastKnownFileType = sourcecode.c.h; path = AMBViewController.h; sourceTree = "<group>"; };
		F64B29E419E1E40C00F4991F /* AMBViewController.m */ = {isa = PBXFileReference; lastKnownFileType = sourcecode.c.objc; path = AMBViewController.m; sourceTree = "<group>"; };
		F64B29E619E1E40C00F4991F /* Images.xcassets */ = {isa = PBXFileReference; lastKnownFileType = folder.assetcatalog; path = Images.xcassets; sourceTree = "<group>"; };
		F64B29EC19E1E40C00F4991F /* A-Maze-BallsTests.xctest */ = {isa = PBXFileReference; explicitFileType = wrapper.cfbundle; includeInIndex = 0; path = "A-Maze-BallsTests.xctest"; sourceTree = BUILT_PRODUCTS_DIR; };
		F64B29ED19E1E40C00F4991F /* XCTest.framework */ = {isa = PBXFileReference; lastKnownFileType = wrapper.framework; name = XCTest.framework; path = Library/Frameworks/XCTest.framework; sourceTree = DEVELOPER_DIR; };
		F64B29F519E1E40C00F4991F /* A-Maze-BallsTests-Info.plist */ = {isa = PBXFileReference; lastKnownFileType = text.plist.xml; path = "A-Maze-BallsTests-Info.plist"; sourceTree = "<group>"; };
		F64B29F719E1E40C00F4991F /* en */ = {isa = PBXFileReference; lastKnownFileType = text.plist.strings; name = en; path = en.lproj/InfoPlist.strings; sourceTree = "<group>"; };
		F64B29F919E1E40C00F4991F /* A_Maze_BallsTests.m */ = {isa = PBXFileReference; lastKnownFileType = sourcecode.c.objc; path = A_Maze_BallsTests.m; sourceTree = "<group>"; };
		F64B2A0319E1E76300F4991F /* AMBView.h */ = {isa = PBXFileReference; fileEncoding = 4; lastKnownFileType = sourcecode.c.h; path = AMBView.h; sourceTree = "<group>"; };
		F64B2A0419E1E76300F4991F /* AMBView.m */ = {isa = PBXFileReference; fileEncoding = 4; lastKnownFileType = sourcecode.c.objc; path = AMBView.m; sourceTree = "<group>"; };
/* End PBXFileReference section */

/* Begin PBXFrameworksBuildPhase section */
		F64B29C819E1E40C00F4991F /* Frameworks */ = {
			isa = PBXFrameworksBuildPhase;
			buildActionMask = 2147483647;
			files = (
				F64B29D119E1E40C00F4991F /* CoreGraphics.framework in Frameworks */,
				F64B29D319E1E40C00F4991F /* UIKit.framework in Frameworks */,
				F64B29CF19E1E40C00F4991F /* Foundation.framework in Frameworks */,
			);
			runOnlyForDeploymentPostprocessing = 0;
		};
		F64B29E919E1E40C00F4991F /* Frameworks */ = {
			isa = PBXFrameworksBuildPhase;
			buildActionMask = 2147483647;
			files = (
				F64B29EE19E1E40C00F4991F /* XCTest.framework in Frameworks */,
				F64B29F019E1E40C00F4991F /* UIKit.framework in Frameworks */,
				F64B29EF19E1E40C00F4991F /* Foundation.framework in Frameworks */,
			);
			runOnlyForDeploymentPostprocessing = 0;
		};
/* End PBXFrameworksBuildPhase section */

/* Begin PBXGroup section */
		F64B29C219E1E40C00F4991F = {
			isa = PBXGroup;
			children = (
				F64B29D419E1E40C00F4991F /* A-Maze-Balls */,
				F64B29F319E1E40C00F4991F /* A-Maze-BallsTests */,
				F64B29CD19E1E40C00F4991F /* Frameworks */,
				F64B29CC19E1E40C00F4991F /* Products */,
			);
			sourceTree = "<group>";
		};
		F64B29CC19E1E40C00F4991F /* Products */ = {
			isa = PBXGroup;
			children = (
				F64B29CB19E1E40C00F4991F /* A-Maze-Balls.app */,
				F64B29EC19E1E40C00F4991F /* A-Maze-BallsTests.xctest */,
			);
			name = Products;
			sourceTree = "<group>";
		};
		F64B29CD19E1E40C00F4991F /* Frameworks */ = {
			isa = PBXGroup;
			children = (
				F64B29CE19E1E40C00F4991F /* Foundation.framework */,
				F64B29D019E1E40C00F4991F /* CoreGraphics.framework */,
				F64B29D219E1E40C00F4991F /* UIKit.framework */,
				F64B29ED19E1E40C00F4991F /* XCTest.framework */,
			);
			name = Frameworks;
			sourceTree = "<group>";
		};
		F64B29D419E1E40C00F4991F /* A-Maze-Balls */ = {
			isa = PBXGroup;
			children = (
				F64B29DD19E1E40C00F4991F /* AMBAppDelegate.h */,
				F64B29DE19E1E40C00F4991F /* AMBAppDelegate.m */,
				F64B29E019E1E40C00F4991F /* Main.storyboard */,
				F64B29E319E1E40C00F4991F /* AMBViewController.h */,
				F64B29E419E1E40C00F4991F /* AMBViewController.m */,
				F64B2A0319E1E76300F4991F /* AMBView.h */,
				F64B2A0419E1E76300F4991F /* AMBView.m */,
				F64B29E619E1E40C00F4991F /* Images.xcassets */,
				F64B29D519E1E40C00F4991F /* Supporting Files */,
			);
			path = "A-Maze-Balls";
			sourceTree = "<group>";
		};
		F64B29D519E1E40C00F4991F /* Supporting Files */ = {
			isa = PBXGroup;
			children = (
				F64B29D619E1E40C00F4991F /* A-Maze-Balls-Info.plist */,
				F64B29D719E1E40C00F4991F /* InfoPlist.strings */,
				F64B29DA19E1E40C00F4991F /* main.m */,
				F64B29DC19E1E40C00F4991F /* A-Maze-Balls-Prefix.pch */,
			);
			name = "Supporting Files";
			sourceTree = "<group>";
		};
		F64B29F319E1E40C00F4991F /* A-Maze-BallsTests */ = {
			isa = PBXGroup;
			children = (
				F64B29F919E1E40C00F4991F /* A_Maze_BallsTests.m */,
				F64B29F419E1E40C00F4991F /* Supporting Files */,
			);
			path = "A-Maze-BallsTests";
			sourceTree = "<group>";
		};
		F64B29F419E1E40C00F4991F /* Supporting Files */ = {
			isa = PBXGroup;
			children = (
				F64B29F519E1E40C00F4991F /* A-Maze-BallsTests-Info.plist */,
				F64B29F619E1E40C00F4991F /* InfoPlist.strings */,
			);
			name = "Supporting Files";
			sourceTree = "<group>";
		};
/* End PBXGroup section */

/* Begin PBXNativeTarget section */
		F64B29CA19E1E40C00F4991F /* A-Maze-Balls */ = {
			isa = PBXNativeTarget;
			buildConfigurationList = F64B29FD19E1E40C00F4991F /* Build configuration list for PBXNativeTarget "A-Maze-Balls" */;
			buildPhases = (
				F64B29C719E1E40C00F4991F /* Sources */,
				F64B29C819E1E40C00F4991F /* Frameworks */,
				F64B29C919E1E40C00F4991F /* Resources */,
			);
			buildRules = (
			);
			dependencies = (
			);
			name = "A-Maze-Balls";
			productName = "A-Maze-Balls";
			productReference = F64B29CB19E1E40C00F4991F /* A-Maze-Balls.app */;
			productType = "com.apple.product-type.application";
		};
		F64B29EB19E1E40C00F4991F /* A-Maze-BallsTests */ = {
			isa = PBXNativeTarget;
			buildConfigurationList = F64B2A0019E1E40C00F4991F /* Build configuration list for PBXNativeTarget "A-Maze-BallsTests" */;
			buildPhases = (
				F64B29E819E1E40C00F4991F /* Sources */,
				F64B29E919E1E40C00F4991F /* Frameworks */,
				F64B29EA19E1E40C00F4991F /* Resources */,
			);
			buildRules = (
			);
			dependencies = (
				F64B29F219E1E40C00F4991F /* PBXTargetDependency */,
			);
			name = "A-Maze-BallsTests";
			productName = "A-Maze-BallsTests";
			productReference = F64B29EC19E1E40C00F4991F /* A-Maze-BallsTests.xctest */;
			productType = "com.apple.product-type.bundle.unit-test";
		};
/* End PBXNativeTarget section */

/* Begin PBXProject section */
		F64B29C319E1E40C00F4991F /* Project object */ = {
			isa = PBXProject;
			attributes = {
				CLASSPREFIX = AMB;
				LastUpgradeCheck = 0510;
				ORGANIZATIONNAME = "Gift Games";
				TargetAttributes = {
					F64B29EB19E1E40C00F4991F = {
						TestTargetID = F64B29CA19E1E40C00F4991F;
					};
				};
			};
			buildConfigurationList = F64B29C619E1E40C00F4991F /* Build configuration list for PBXProject "A-Maze-Balls" */;
			compatibilityVersion = "Xcode 3.2";
			developmentRegion = English;
			hasScannedForEncodings = 0;
			knownRegions = (
				en,
				Base,
			);
			mainGroup = F64B29C219E1E40C00F4991F;
			productRefGroup = F64B29CC19E1E40C00F4991F /* Products */;
			projectDirPath = "";
			projectRoot = "";
			targets = (
				F64B29CA19E1E40C00F4991F /* A-Maze-Balls */,
				F64B29EB19E1E40C00F4991F /* A-Maze-BallsTests */,
			);
		};
/* End PBXProject section */

/* Begin PBXResourcesBuildPhase section */
		F64B29C919E1E40C00F4991F /* Resources */ = {
			isa = PBXResourcesBuildPhase;
			buildActionMask = 2147483647;
			files = (
				F64B29E719E1E40C00F4991F /* Images.xcassets in Resources */,
				F64B29D919E1E40C00F4991F /* InfoPlist.strings in Resources */,
				F64B29E219E1E40C00F4991F /* Main.storyboard in Resources */,
			);
			runOnlyForDeploymentPostprocessing = 0;
		};
		F64B29EA19E1E40C00F4991F /* Resources */ = {
			isa = PBXResourcesBuildPhase;
			buildActionMask = 2147483647;
			files = (
				F64B29F819E1E40C00F4991F /* InfoPlist.strings in Resources */,
			);
			runOnlyForDeploymentPostprocessing = 0;
		};
/* End PBXResourcesBuildPhase section */

/* Begin PBXSourcesBuildPhase section */
		F64B29C719E1E40C00F4991F /* Sources */ = {
			isa = PBXSourcesBuildPhase;
			buildActionMask = 2147483647;
			files = (
				F64B29DF19E1E40C00F4991F /* AMBAppDelegate.m in Sources */,
				F64B29DB19E1E40C00F4991F /* main.m in Sources */,
				F64B29E519E1E40C00F4991F /* AMBViewController.m in Sources */,
				F64B2A0519E1E76300F4991F /* AMBView.m in Sources */,
			);
			runOnlyForDeploymentPostprocessing = 0;
		};
		F64B29E819E1E40C00F4991F /* Sources */ = {
			isa = PBXSourcesBuildPhase;
			buildActionMask = 2147483647;
			files = (
				F64B29FA19E1E40C00F4991F /* A_Maze_BallsTests.m in Sources */,
			);
			runOnlyForDeploymentPostprocessing = 0;
		};
/* End PBXSourcesBuildPhase section */

/* Begin PBXTargetDependency section */
		F64B29F219E1E40C00F4991F /* PBXTargetDependency */ = {
			isa = PBXTargetDependency;
			target = F64B29CA19E1E40C00F4991F /* A-Maze-Balls */;
			targetProxy = F64B29F119E1E40C00F4991F /* PBXContainerItemProxy */;
		};
/* End PBXTargetDependency section */

/* Begin PBXVariantGroup section */
		F64B29D719E1E40C00F4991F /* InfoPlist.strings */ = {
			isa = PBXVariantGroup;
			children = (
				F64B29D819E1E40C00F4991F /* en */,
			);
			name = InfoPlist.strings;
			sourceTree = "<group>";
		};
		F64B29E019E1E40C00F4991F /* Main.storyboard */ = {
			isa = PBXVariantGroup;
			children = (
				F64B29E119E1E40C00F4991F /* Base */,
			);
			name = Main.storyboard;
			sourceTree = "<group>";
		};
		F64B29F619E1E40C00F4991F /* InfoPlist.strings */ = {
			isa = PBXVariantGroup;
			children = (
				F64B29F719E1E40C00F4991F /* en */,
			);
			name = InfoPlist.strings;
			sourceTree = "<group>";
		};
/* End PBXVariantGroup section */

/* Begin XCBuildConfiguration section */
		F64B29FB19E1E40C00F4991F /* Debug */ = {
			isa = XCBuildConfiguration;
			buildSettings = {
				ALWAYS_SEARCH_USER_PATHS = NO;
				CLANG_CXX_LANGUAGE_STANDARD = "gnu++0x";
				CLANG_CXX_LIBRARY = "libc++";
				CLANG_ENABLE_MODULES = YES;
				CLANG_ENABLE_OBJC_ARC = YES;
				CLANG_WARN_BOOL_CONVERSION = YES;
				CLANG_WARN_CONSTANT_CONVERSION = YES;
				CLANG_WARN_DIRECT_OBJC_ISA_USAGE = YES_ERROR;
				CLANG_WARN_EMPTY_BODY = YES;
				CLANG_WARN_ENUM_CONVERSION = YES;
				CLANG_WARN_INT_CONVERSION = YES;
				CLANG_WARN_OBJC_ROOT_CLASS = YES_ERROR;
				CLANG_WARN__DUPLICATE_METHOD_MATCH = YES;
				"CODE_SIGN_IDENTITY[sdk=iphoneos*]" = "iPhone Developer";
				COPY_PHASE_STRIP = NO;
				GCC_C_LANGUAGE_STANDARD = gnu99;
				GCC_DYNAMIC_NO_PIC = NO;
				GCC_OPTIMIZATION_LEVEL = 0;
				GCC_PREPROCESSOR_DEFINITIONS = (
					"DEBUG=1",
					"$(inherited)",
				);
				GCC_SYMBOLS_PRIVATE_EXTERN = NO;
				GCC_WARN_64_TO_32_BIT_CONVERSION = YES;
				GCC_WARN_ABOUT_RETURN_TYPE = YES_ERROR;
				GCC_WARN_UNDECLARED_SELECTOR = YES;
				GCC_WARN_UNINITIALIZED_AUTOS = YES_AGGRESSIVE;
				GCC_WARN_UNUSED_FUNCTION = YES;
				GCC_WARN_UNUSED_VARIABLE = YES;
				IPHONEOS_DEPLOYMENT_TARGET = 7.1;
				ONLY_ACTIVE_ARCH = YES;
				SDKROOT = iphoneos;
			};
			name = Debug;
		};
		F64B29FC19E1E40C00F4991F /* Release */ = {
			isa = XCBuildConfiguration;
			buildSettings = {
				ALWAYS_SEARCH_USER_PATHS = NO;
				CLANG_CXX_LANGUAGE_STANDARD = "gnu++0x";
				CLANG_CXX_LIBRARY = "libc++";
				CLANG_ENABLE_MODULES = YES;
				CLANG_ENABLE_OBJC_ARC = YES;
				CLANG_WARN_BOOL_CONVERSION = YES;
				CLANG_WARN_CONSTANT_CONVERSION = YES;
				CLANG_WARN_DIRECT_OBJC_ISA_USAGE = YES_ERROR;
				CLANG_WARN_EMPTY_BODY = YES;
				CLANG_WARN_ENUM_CONVERSION = YES;
				CLANG_WARN_INT_CONVERSION = YES;
				CLANG_WARN_OBJC_ROOT_CLASS = YES_ERROR;
				CLANG_WARN__DUPLICATE_METHOD_MATCH = YES;
				"CODE_SIGN_IDENTITY[sdk=iphoneos*]" = "iPhone Developer";
				COPY_PHASE_STRIP = YES;
				ENABLE_NS_ASSERTIONS = NO;
				GCC_C_LANGUAGE_STANDARD = gnu99;
				GCC_WARN_64_TO_32_BIT_CONVERSION = YES;
				GCC_WARN_ABOUT_RETURN_TYPE = YES_ERROR;
				GCC_WARN_UNDECLARED_SELECTOR = YES;
				GCC_WARN_UNINITIALIZED_AUTOS = YES_AGGRESSIVE;
				GCC_WARN_UNUSED_FUNCTION = YES;
				GCC_WARN_UNUSED_VARIABLE = YES;
				IPHONEOS_DEPLOYMENT_TARGET = 7.1;
				SDKROOT = iphoneos;
				VALIDATE_PRODUCT = YES;
			};
			name = Release;
		};
		F64B29FE19E1E40C00F4991F /* Debug */ = {
			isa = XCBuildConfiguration;
			buildSettings = {
				ASSETCATALOG_COMPILER_APPICON_NAME = AppIcon;
				ASSETCATALOG_COMPILER_LAUNCHIMAGE_NAME = LaunchImage;
				GCC_PRECOMPILE_PREFIX_HEADER = YES;
				GCC_PREFIX_HEADER = "A-Maze-Balls/A-Maze-Balls-Prefix.pch";
				INFOPLIST_FILE = "A-Maze-Balls/A-Maze-Balls-Info.plist";
				PRODUCT_NAME = "$(TARGET_NAME)";
				WRAPPER_EXTENSION = app;
			};
			name = Debug;
		};
		F64B29FF19E1E40C00F4991F /* Release */ = {
			isa = XCBuildConfiguration;
			buildSettings = {
				ASSETCATALOG_COMPILER_APPICON_NAME = AppIcon;
				ASSETCATALOG_COMPILER_LAUNCHIMAGE_NAME = LaunchImage;
				GCC_PRECOMPILE_PREFIX_HEADER = YES;
				GCC_PREFIX_HEADER = "A-Maze-Balls/A-Maze-Balls-Prefix.pch";
				INFOPLIST_FILE = "A-Maze-Balls/A-Maze-Balls-Info.plist";
				PRODUCT_NAME = "$(TARGET_NAME)";
				WRAPPER_EXTENSION = app;
			};
			name = Release;
		};
		F64B2A0119E1E40C00F4991F /* Debug */ = {
			isa = XCBuildConfiguration;
			buildSettings = {
				BUNDLE_LOADER = "$(BUILT_PRODUCTS_DIR)/A-Maze-Balls.app/A-Maze-Balls";
				FRAMEWORK_SEARCH_PATHS = (
					"$(SDKROOT)/Developer/Library/Frameworks",
					"$(inherited)",
					"$(DEVELOPER_FRAMEWORKS_DIR)",
				);
				GCC_PRECOMPILE_PREFIX_HEADER = YES;
				GCC_PREFIX_HEADER = "A-Maze-Balls/A-Maze-Balls-Prefix.pch";
				GCC_PREPROCESSOR_DEFINITIONS = (
					"DEBUG=1",
					"$(inherited)",
				);
				INFOPLIST_FILE = "A-Maze-BallsTests/A-Maze-BallsTests-Info.plist";
				PRODUCT_NAME = "$(TARGET_NAME)";
				TEST_HOST = "$(BUNDLE_LOADER)";
				WRAPPER_EXTENSION = xctest;
			};
			name = Debug;
		};
		F64B2A0219E1E40C00F4991F /* Release */ = {
			isa = XCBuildConfiguration;
			buildSettings = {
				BUNDLE_LOADER = "$(BUILT_PRODUCTS_DIR)/A-Maze-Balls.app/A-Maze-Balls";
				FRAMEWORK_SEARCH_PATHS = (
					"$(SDKROOT)/Developer/Library/Frameworks",
					"$(inherited)",
					"$(DEVELOPER_FRAMEWORKS_DIR)",
				);
				GCC_PRECOMPILE_PREFIX_HEADER = YES;
				GCC_PREFIX_HEADER = "A-Maze-Balls/A-Maze-Balls-Prefix.pch";
				INFOPLIST_FILE = "A-Maze-BallsTests/A-Maze-BallsTests-Info.plist";
				PRODUCT_NAME = "$(TARGET_NAME)";
				TEST_HOST = "$(BUNDLE_LOADER)";
				WRAPPER_EXTENSION = xctest;
			};
			name = Release;
		};
/* End XCBuildConfiguration section */

/* Begin XCConfigurationList section */
		F64B29C619E1E40C00F4991F /* Build configuration list for PBXProject "A-Maze-Balls" */ = {
			isa = XCConfigurationList;
			buildConfigurations = (
				F64B29FB19E1E40C00F4991F /* Debug */,
				F64B29FC19E1E40C00F4991F /* Release */,
			);
			defaultConfigurationIsVisible = 0;
			defaultConfigurationName = Release;
		};
		F64B29FD19E1E40C00F4991F /* Build configuration list for PBXNativeTarget "A-Maze-Balls" */ = {
			isa = XCConfigurationList;
			buildConfigurations = (
				F64B29FE19E1E40C00F4991F /* Debug */,
				F64B29FF19E1E40C00F4991F /* Release */,
			);
			defaultConfigurationIsVisible = 0;
		};
		F64B2A0019E1E40C00F4991F /* Build configuration list for PBXNativeTarget "A-Maze-BallsTests" */ = {
			isa = XCConfigurationList;
			buildConfigurations = (
				F64B2A0119E1E40C00F4991F /* Debug */,
				F64B2A0219E1E40C00F4991F /* Release */,
			);
			defaultConfigurationIsVisible = 0;
		};
/* End XCConfigurationList section */
	};
	rootObject = F64B29C319E1E40C00F4991F /* Project object */;
}
